
Microsoft Visual Studio Solution File, Format Version 12.00
# Visual Studio Version 17
VisualStudioVersion = 17.0.31903.59
MinimumVisualStudioVersion = 10.0.40219.1
Project("{FAE04EC0-301F-11D3-BF4B-00C04F79EFBC}") = "TaskManagementSystem.Domain", "TaskManagementSystem.Domain\TaskManagementSystem.Domain.csproj", "{95364F21-3A64-4AFC-B1A5-AF2CB48AA072}"
EndProject
Project("{FAE04EC0-301F-11D3-BF4B-00C04F79EFBC}") = "TaskManagementSystem.Application", "TaskManagementSystem.Application\TaskManagementSystem.Application.csproj", "{8D3E010C-41CA-400E-A8DE-BC28BC9E69E8}"
EndProject
Project("{FAE04EC0-301F-11D3-BF4B-00C04F79EFBC}") = "TaskManagementSystem.Presentation", "TaskManagementSystem.Presentation\TaskManagementSystem.Presentation.csproj", "{6A343DD8-E267-47DB-AD7E-578349FA85AB}"
EndProject
Project("{FAE04EC0-301F-11D3-BF4B-00C04F79EFBC}") = "Exporter.Abstractions", "Exporter.Abstractions\Exporter.Abstractions.csproj", "{94770D2E-A370-4C78-A2C8-CD26D0745748}"
EndProject
Project("{FAE04EC0-301F-11D3-BF4B-00C04F79EFBC}") = "JsonExporterPlugin", "JsonExporterPlugin\JsonExporterPlugin.csproj", "{BFA5FF40-59D6-4D2F-BCC1-D49660B9FC90}"
EndProject
Project("{FAE04EC0-301F-11D3-BF4B-00C04F79EFBC}") = "TaskManagementSystem.Tests", "TaskManagementSystem.Tests\TaskManagementSystem.Tests.csproj", "{973A39B4-AE25-4D00-A769-1FE499CF0A79}"
EndProject
Global
	GlobalSection(SolutionConfigurationPlatforms) = preSolution
		Debug|Any CPU = Debug|Any CPU
		Debug|x64 = Debug|x64
		Debug|x86 = Debug|x86
		Release|Any CPU = Release|Any CPU
		Release|x64 = Release|x64
		Release|x86 = Release|x86
	EndGlobalSection
	GlobalSection(ProjectConfigurationPlatforms) = postSolution
		{95364F21-3A64-4AFC-B1A5-AF2CB48AA072}.Debug|Any CPU.ActiveCfg = Debug|Any CPU
		{95364F21-3A64-4AFC-B1A5-AF2CB48AA072}.Debug|Any CPU.Build.0 = Debug|Any CPU
		{95364F21-3A64-4AFC-B1A5-AF2CB48AA072}.Debug|x64.ActiveCfg = Debug|Any CPU
		{95364F21-3A64-4AFC-B1A5-AF2CB48AA072}.Debug|x64.Build.0 = Debug|Any CPU
		{95364F21-3A64-4AFC-B1A5-AF2CB48AA072}.Debug|x86.ActiveCfg = Debug|Any CPU
		{95364F21-3A64-4AFC-B1A5-AF2CB48AA072}.Debug|x86.Build.0 = Debug|Any CPU
		{95364F21-3A64-4AFC-B1A5-AF2CB48AA072}.Release|Any CPU.ActiveCfg = Release|Any CPU
		{95364F21-3A64-4AFC-B1A5-AF2CB48AA072}.Release|Any CPU.Build.0 = Release|Any CPU
		{95364F21-3A64-4AFC-B1A5-AF2CB48AA072}.Release|x64.ActiveCfg = Release|Any CPU
		{95364F21-3A64-4AFC-B1A5-AF2CB48AA072}.Release|x64.Build.0 = Release|Any CPU
		{95364F21-3A64-4AFC-B1A5-AF2CB48AA072}.Release|x86.ActiveCfg = Release|Any CPU
		{95364F21-3A64-4AFC-B1A5-AF2CB48AA072}.Release|x86.Build.0 = Release|Any CPU
		{8D3E010C-41CA-400E-A8DE-BC28BC9E69E8}.Debug|Any CPU.ActiveCfg = Debug|Any CPU
		{8D3E010C-41CA-400E-A8DE-BC28BC9E69E8}.Debug|Any CPU.Build.0 = Debug|Any CPU
		{8D3E010C-41CA-400E-A8DE-BC28BC9E69E8}.Debug|x64.ActiveCfg = Debug|Any CPU
		{8D3E010C-41CA-400E-A8DE-BC28BC9E69E8}.Debug|x64.Build.0 = Debug|Any CPU
		{8D3E010C-41CA-400E-A8DE-BC28BC9E69E8}.Debug|x86.ActiveCfg = Debug|Any CPU
		{8D3E010C-41CA-400E-A8DE-BC28BC9E69E8}.Debug|x86.Build.0 = Debug|Any CPU
		{8D3E010C-41CA-400E-A8DE-BC28BC9E69E8}.Release|Any CPU.ActiveCfg = Release|Any CPU
		{8D3E010C-41CA-400E-A8DE-BC28BC9E69E8}.Release|Any CPU.Build.0 = Release|Any CPU
		{8D3E010C-41CA-400E-A8DE-BC28BC9E69E8}.Release|x64.ActiveCfg = Release|Any CPU
		{8D3E010C-41CA-400E-A8DE-BC28BC9E69E8}.Release|x64.Build.0 = Release|Any CPU
		{8D3E010C-41CA-400E-A8DE-BC28BC9E69E8}.Release|x86.ActiveCfg = Release|Any CPU
		{8D3E010C-41CA-400E-A8DE-BC28BC9E69E8}.Release|x86.Build.0 = Release|Any CPU
		{6A343DD8-E267-47DB-AD7E-578349FA85AB}.Debug|Any CPU.ActiveCfg = Debug|Any CPU
		{6A343DD8-E267-47DB-AD7E-578349FA85AB}.Debug|Any CPU.Build.0 = Debug|Any CPU
		{6A343DD8-E267-47DB-AD7E-578349FA85AB}.Debug|x64.ActiveCfg = Debug|Any CPU
		{6A343DD8-E267-47DB-AD7E-578349FA85AB}.Debug|x64.Build.0 = Debug|Any CPU
		{6A343DD8-E267-47DB-AD7E-578349FA85AB}.Debug|x86.ActiveCfg = Debug|Any CPU
		{6A343DD8-E267-47DB-AD7E-578349FA85AB}.Debug|x86.Build.0 = Debug|Any CPU
		{6A343DD8-E267-47DB-AD7E-578349FA85AB}.Release|Any CPU.ActiveCfg = Release|Any CPU
		{6A343DD8-E267-47DB-AD7E-578349FA85AB}.Release|Any CPU.Build.0 = Release|Any CPU
		{6A343DD8-E267-47DB-AD7E-578349FA85AB}.Release|x64.ActiveCfg = Release|Any CPU
		{6A343DD8-E267-47DB-AD7E-578349FA85AB}.Release|x64.Build.0 = Release|Any CPU
		{6A343DD8-E267-47DB-AD7E-578349FA85AB}.Release|x86.ActiveCfg = Release|Any CPU
		{6A343DD8-E267-47DB-AD7E-578349FA85AB}.Release|x86.Build.0 = Release|Any CPU
		{94770D2E-A370-4C78-A2C8-CD26D0745748}.Debug|Any CPU.ActiveCfg = Debug|Any CPU
		{94770D2E-A370-4C78-A2C8-CD26D0745748}.Debug|Any CPU.Build.0 = Debug|Any CPU
		{94770D2E-A370-4C78-A2C8-CD26D0745748}.Debug|x64.ActiveCfg = Debug|Any CPU
		{94770D2E-A370-4C78-A2C8-CD26D0745748}.Debug|x64.Build.0 = Debug|Any CPU
		{94770D2E-A370-4C78-A2C8-CD26D0745748}.Debug|x86.ActiveCfg = Debug|Any CPU
		{94770D2E-A370-4C78-A2C8-CD26D0745748}.Debug|x86.Build.0 = Debug|Any CPU
		{94770D2E-A370-4C78-A2C8-CD26D0745748}.Release|Any CPU.ActiveCfg = Release|Any CPU
		{94770D2E-A370-4C78-A2C8-CD26D0745748}.Release|Any CPU.Build.0 = Release|Any CPU
		{94770D2E-A370-4C78-A2C8-CD26D0745748}.Release|x64.ActiveCfg = Release|Any CPU
		{94770D2E-A370-4C78-A2C8-CD26D0745748}.Release|x64.Build.0 = Release|Any CPU
		{94770D2E-A370-4C78-A2C8-CD26D0745748}.Release|x86.ActiveCfg = Release|Any CPU
		{94770D2E-A370-4C78-A2C8-CD26D0745748}.Release|x86.Build.0 = Release|Any CPU
		{BFA5FF40-59D6-4D2F-BCC1-D49660B9FC90}.Debug|Any CPU.ActiveCfg = Debug|Any CPU
		{BFA5FF40-59D6-4D2F-BCC1-D49660B9FC90}.Debug|Any CPU.Build.0 = Debug|Any CPU
		{BFA5FF40-59D6-4D2F-BCC1-D49660B9FC90}.Debug|x64.ActiveCfg = Debug|Any CPU
		{BFA5FF40-59D6-4D2F-BCC1-D49660B9FC90}.Debug|x64.Build.0 = Debug|Any CPU
		{BFA5FF40-59D6-4D2F-BCC1-D49660B9FC90}.Debug|x86.ActiveCfg = Debug|Any CPU
		{BFA5FF40-59D6-4D2F-BCC1-D49660B9FC90}.Debug|x86.Build.0 = Debug|Any CPU
		{BFA5FF40-59D6-4D2F-BCC1-D49660B9FC90}.Release|Any CPU.ActiveCfg = Release|Any CPU
		{BFA5FF40-59D6-4D2F-BCC1-D49660B9FC90}.Release|Any CPU.Build.0 = Release|Any CPU
		{BFA5FF40-59D6-4D2F-BCC1-D49660B9FC90}.Release|x64.ActiveCfg = Release|Any CPU
		{BFA5FF40-59D6-4D2F-BCC1-D49660B9FC90}.Release|x64.Build.0 = Release|Any CPU
		{BFA5FF40-59D6-4D2F-BCC1-D49660B9FC90}.Release|x86.ActiveCfg = Release|Any CPU
		{BFA5FF40-59D6-4D2F-BCC1-D49660B9FC90}.Release|x86.Build.0 = Release|Any CPU
		{973A39B4-AE25-4D00-A769-1FE499CF0A79}.Debug|Any CPU.ActiveCfg = Debug|Any CPU
		{973A39B4-AE25-4D00-A769-1FE499CF0A79}.Debug|Any CPU.Build.0 = Debug|Any CPU
		{973A39B4-AE25-4D00-A769-1FE499CF0A79}.Debug|x64.ActiveCfg = Debug|Any CPU
		{973A39B4-AE25-4D00-A769-1FE499CF0A79}.Debug|x64.Build.0 = Debug|Any CPU
		{973A39B4-AE25-4D00-A769-1FE499CF0A79}.Debug|x86.ActiveCfg = Debug|Any CPU
		{973A39B4-AE25-4D00-A769-1FE499CF0A79}.Debug|x86.Build.0 = Debug|Any CPU
		{973A39B4-AE25-4D00-A769-1FE499CF0A79}.Release|Any CPU.ActiveCfg = Release|Any CPU
		{973A39B4-AE25-4D00-A769-1FE499CF0A79}.Release|Any CPU.Build.0 = Release|Any CPU
		{973A39B4-AE25-4D00-A769-1FE499CF0A79}.Release|x64.ActiveCfg = Release|Any CPU
		{973A39B4-AE25-4D00-A769-1FE499CF0A79}.Release|x64.Build.0 = Release|Any CPU
		{973A39B4-AE25-4D00-A769-1FE499CF0A79}.Release|x86.ActiveCfg = Release|Any CPU
		{973A39B4-AE25-4D00-A769-1FE499CF0A79}.Release|x86.Build.0 = Release|Any CPU
	EndGlobalSection
	GlobalSection(SolutionProperties) = preSolution
		HideSolutionNode = FALSE
	EndGlobalSection
EndGlobal
